
Microsoft Visual Studio Solution File, Format Version 12.00
# Visual Studio 15
VisualStudioVersion = 15.0.27004.2002
MinimumVisualStudioVersion = 10.0.40219.1
Project("{888888A0-9F3D-457C-B088-3A5042F75D52}") = "min_max", "min_max\min_max.pyproj", "{00F3961D-9F2B-4DCF-86F9-7D88DC65200D}"
EndProject
Global
	GlobalSection(SolutionConfigurationPlatforms) = preSolution
		Debug|Any CPU = Debug|Any CPU
		Release|Any CPU = Release|Any CPU
	EndGlobalSection
	GlobalSection(ProjectConfigurationPlatforms) = postSolution
		{00F3961D-9F2B-4DCF-86F9-7D88DC65200D}.Debug|Any CPU.ActiveCfg = Debug|Any CPU
		{00F3961D-9F2B-4DCF-86F9-7D88DC65200D}.Release|Any CPU.ActiveCfg = Release|Any CPU
	EndGlobalSection
	GlobalSection(SolutionProperties) = preSolution
		HideSolutionNode = FALSE
	EndGlobalSection
	GlobalSection(ExtensibilityGlobals) = postSolution
		SolutionGuid = {E27CB62E-90E7-407D-97CF-177A16E85737}
	EndGlobalSection
EndGlobal
