
Microsoft Visual Studio Solution File, Format Version 12.00
# Visual Studio 15
VisualStudioVersion = 15.0.27004.2002
MinimumVisualStudioVersion = 10.0.40219.1
Project("{888888A0-9F3D-457C-B088-3A5042F75D52}") = "condition", "condition\condition.pyproj", "{596E85DC-02AC-41B8-963B-83B2605FF48F}"
EndProject
Global
	GlobalSection(SolutionConfigurationPlatforms) = preSolution
		Debug|Any CPU = Debug|Any CPU
		Release|Any CPU = Release|Any CPU
	EndGlobalSection
	GlobalSection(ProjectConfigurationPlatforms) = postSolution
		{596E85DC-02AC-41B8-963B-83B2605FF48F}.Debug|Any CPU.ActiveCfg = Debug|Any CPU
		{596E85DC-02AC-41B8-963B-83B2605FF48F}.Release|Any CPU.ActiveCfg = Release|Any CPU
	EndGlobalSection
	GlobalSection(SolutionProperties) = preSolution
		HideSolutionNode = FALSE
	EndGlobalSection
	GlobalSection(ExtensibilityGlobals) = postSolution
		SolutionGuid = {B76AE680-4DD5-4493-B00E-9480B998A2F7}
	EndGlobalSection
EndGlobal
