
Microsoft Visual Studio Solution File, Format Version 12.00
# Visual Studio 15
VisualStudioVersion = 15.0.27004.2002
MinimumVisualStudioVersion = 10.0.40219.1
Project("{888888A0-9F3D-457C-B088-3A5042F75D52}") = "function", "function\function.pyproj", "{710E6C09-5BD0-4362-B53C-FF27DAD84D93}"
EndProject
Global
	GlobalSection(SolutionConfigurationPlatforms) = preSolution
		Debug|Any CPU = Debug|Any CPU
		Release|Any CPU = Release|Any CPU
	EndGlobalSection
	GlobalSection(ProjectConfigurationPlatforms) = postSolution
		{710E6C09-5BD0-4362-B53C-FF27DAD84D93}.Debug|Any CPU.ActiveCfg = Debug|Any CPU
		{710E6C09-5BD0-4362-B53C-FF27DAD84D93}.Release|Any CPU.ActiveCfg = Release|Any CPU
	EndGlobalSection
	GlobalSection(SolutionProperties) = preSolution
		HideSolutionNode = FALSE
	EndGlobalSection
	GlobalSection(ExtensibilityGlobals) = postSolution
		SolutionGuid = {9D993F59-BBBC-4C99-A149-3CC0183056F9}
	EndGlobalSection
EndGlobal
