
Microsoft Visual Studio Solution File, Format Version 12.00
# Visual Studio 15
VisualStudioVersion = 15.0.27004.2002
MinimumVisualStudioVersion = 10.0.40219.1
Project("{888888A0-9F3D-457C-B088-3A5042F75D52}") = "Cтроки", "Cтроки\Cтроки.pyproj", "{9F9DD368-66F0-48B6-B345-B157BE8A19B7}"
EndProject
Global
	GlobalSection(SolutionConfigurationPlatforms) = preSolution
		Debug|Any CPU = Debug|Any CPU
		Release|Any CPU = Release|Any CPU
	EndGlobalSection
	GlobalSection(ProjectConfigurationPlatforms) = postSolution
		{9F9DD368-66F0-48B6-B345-B157BE8A19B7}.Debug|Any CPU.ActiveCfg = Debug|Any CPU
		{9F9DD368-66F0-48B6-B345-B157BE8A19B7}.Release|Any CPU.ActiveCfg = Release|Any CPU
	EndGlobalSection
	GlobalSection(SolutionProperties) = preSolution
		HideSolutionNode = FALSE
	EndGlobalSection
	GlobalSection(ExtensibilityGlobals) = postSolution
		SolutionGuid = {FDF4D0F0-2B9A-4566-B890-C2E9B9B2BC6D}
	EndGlobalSection
EndGlobal
