
Microsoft Visual Studio Solution File, Format Version 12.00
# Visual Studio 15
VisualStudioVersion = 15.0.27004.2002
MinimumVisualStudioVersion = 10.0.40219.1
Project("{888888A0-9F3D-457C-B088-3A5042F75D52}") = "Ариф_опер", "Ариф_опер\Ариф_опер.pyproj", "{F3A8178D-C66E-4FC2-9167-E9E96EDA298A}"
EndProject
Global
	GlobalSection(SolutionConfigurationPlatforms) = preSolution
		Debug|Any CPU = Debug|Any CPU
		Release|Any CPU = Release|Any CPU
	EndGlobalSection
	GlobalSection(ProjectConfigurationPlatforms) = postSolution
		{F3A8178D-C66E-4FC2-9167-E9E96EDA298A}.Debug|Any CPU.ActiveCfg = Debug|Any CPU
		{F3A8178D-C66E-4FC2-9167-E9E96EDA298A}.Release|Any CPU.ActiveCfg = Release|Any CPU
	EndGlobalSection
	GlobalSection(SolutionProperties) = preSolution
		HideSolutionNode = FALSE
	EndGlobalSection
	GlobalSection(ExtensibilityGlobals) = postSolution
		SolutionGuid = {22CD42AA-4E43-4F77-9EEB-19C8CD5539F1}
	EndGlobalSection
EndGlobal
