
Microsoft Visual Studio Solution File, Format Version 12.00
# Visual Studio 15
VisualStudioVersion = 15.0.27004.2002
MinimumVisualStudioVersion = 10.0.40219.1
Project("{888888A0-9F3D-457C-B088-3A5042F75D52}") = "Ввод", "Ввод\Ввод.pyproj", "{612466F2-E6FB-4715-8921-07D78A0CDEF3}"
EndProject
Global
	GlobalSection(SolutionConfigurationPlatforms) = preSolution
		Debug|Any CPU = Debug|Any CPU
		Release|Any CPU = Release|Any CPU
	EndGlobalSection
	GlobalSection(ProjectConfigurationPlatforms) = postSolution
		{612466F2-E6FB-4715-8921-07D78A0CDEF3}.Debug|Any CPU.ActiveCfg = Debug|Any CPU
		{612466F2-E6FB-4715-8921-07D78A0CDEF3}.Release|Any CPU.ActiveCfg = Release|Any CPU
	EndGlobalSection
	GlobalSection(SolutionProperties) = preSolution
		HideSolutionNode = FALSE
	EndGlobalSection
	GlobalSection(ExtensibilityGlobals) = postSolution
		SolutionGuid = {84784C59-AEDF-4179-841C-BDC2BDE1603B}
	EndGlobalSection
EndGlobal
