
Microsoft Visual Studio Solution File, Format Version 12.00
# Visual Studio 15
VisualStudioVersion = 15.0.27004.2002
MinimumVisualStudioVersion = 10.0.40219.1
Project("{888888A0-9F3D-457C-B088-3A5042F75D52}") = "radix-change", "radix-change\radix-change.pyproj", "{4D3831EF-D2C3-48B7-9CA4-257E8F64B4E1}"
EndProject
Global
	GlobalSection(SolutionConfigurationPlatforms) = preSolution
		Debug|Any CPU = Debug|Any CPU
		Release|Any CPU = Release|Any CPU
	EndGlobalSection
	GlobalSection(ProjectConfigurationPlatforms) = postSolution
		{4D3831EF-D2C3-48B7-9CA4-257E8F64B4E1}.Debug|Any CPU.ActiveCfg = Debug|Any CPU
		{4D3831EF-D2C3-48B7-9CA4-257E8F64B4E1}.Release|Any CPU.ActiveCfg = Release|Any CPU
	EndGlobalSection
	GlobalSection(SolutionProperties) = preSolution
		HideSolutionNode = FALSE
	EndGlobalSection
	GlobalSection(ExtensibilityGlobals) = postSolution
		SolutionGuid = {C6A3B297-95BE-4E99-94EF-CAC7DB44A139}
	EndGlobalSection
EndGlobal
