
Microsoft Visual Studio Solution File, Format Version 12.00
# Visual Studio 15
VisualStudioVersion = 15.0.27004.2002
MinimumVisualStudioVersion = 10.0.40219.1
Project("{888888A0-9F3D-457C-B088-3A5042F75D52}") = "List_indexing", "List_indexing\List_indexing.pyproj", "{58D45E20-1E2B-4CCA-BEEA-914EEF5CA642}"
EndProject
Global
	GlobalSection(SolutionConfigurationPlatforms) = preSolution
		Debug|Any CPU = Debug|Any CPU
		Release|Any CPU = Release|Any CPU
	EndGlobalSection
	GlobalSection(ProjectConfigurationPlatforms) = postSolution
		{58D45E20-1E2B-4CCA-BEEA-914EEF5CA642}.Debug|Any CPU.ActiveCfg = Debug|Any CPU
		{58D45E20-1E2B-4CCA-BEEA-914EEF5CA642}.Release|Any CPU.ActiveCfg = Release|Any CPU
	EndGlobalSection
	GlobalSection(SolutionProperties) = preSolution
		HideSolutionNode = FALSE
	EndGlobalSection
	GlobalSection(ExtensibilityGlobals) = postSolution
		SolutionGuid = {F1DFE947-5D2F-4C2C-B13D-57F53832B770}
	EndGlobalSection
EndGlobal
