
Microsoft Visual Studio Solution File, Format Version 12.00
# Visual Studio 15
VisualStudioVersion = 15.0.27004.2002
MinimumVisualStudioVersion = 10.0.40219.1
Project("{888888A0-9F3D-457C-B088-3A5042F75D52}") = "scoping", "scoping\scoping.pyproj", "{29834788-5F6D-4AA5-9CAA-53E459390A44}"
EndProject
Global
	GlobalSection(SolutionConfigurationPlatforms) = preSolution
		Debug|Any CPU = Debug|Any CPU
		Release|Any CPU = Release|Any CPU
	EndGlobalSection
	GlobalSection(ProjectConfigurationPlatforms) = postSolution
		{29834788-5F6D-4AA5-9CAA-53E459390A44}.Debug|Any CPU.ActiveCfg = Debug|Any CPU
		{29834788-5F6D-4AA5-9CAA-53E459390A44}.Release|Any CPU.ActiveCfg = Release|Any CPU
	EndGlobalSection
	GlobalSection(SolutionProperties) = preSolution
		HideSolutionNode = FALSE
	EndGlobalSection
	GlobalSection(ExtensibilityGlobals) = postSolution
		SolutionGuid = {47832E5C-A670-4551-B3DF-51C2F9339F04}
	EndGlobalSection
EndGlobal
